
Microsoft Visual Studio Solution File, Format Version 12.00
# Visual Studio Version 16
VisualStudioVersion = 16.0.30717.126
MinimumVisualStudioVersion = 10.0.40219.1
Project("{FAE04EC0-301F-11D3-BF4B-00C04F79EFBC}") = "MemberDemo", "MemberDemo.csproj", "{DD099B71-EA8D-4D0F-9ADF-FE2AA98E9D6F}"
EndProject
Global
	GlobalSection(SolutionConfigurationPlatforms) = preSolution
		Debug|Any CPU = Debug|Any CPU
		Release|Any CPU = Release|Any CPU
	EndGlobalSection
	GlobalSection(ProjectConfigurationPlatforms) = postSolution
		{DD099B71-EA8D-4D0F-9ADF-FE2AA98E9D6F}.Debug|Any CPU.ActiveCfg = Debug|Any CPU
		{DD099B71-EA8D-4D0F-9ADF-FE2AA98E9D6F}.Debug|Any CPU.Build.0 = Debug|Any CPU
		{DD099B71-EA8D-4D0F-9ADF-FE2AA98E9D6F}.Release|Any CPU.ActiveCfg = Release|Any CPU
		{DD099B71-EA8D-4D0F-9ADF-FE2AA98E9D6F}.Release|Any CPU.Build.0 = Release|Any CPU
	EndGlobalSection
	GlobalSection(SolutionProperties) = preSolution
		HideSolutionNode = FALSE
	EndGlobalSection
	GlobalSection(ExtensibilityGlobals) = postSolution
		SolutionGuid = {2E8333C9-663A-42D5-9235-8B133EBEB9CA}
	EndGlobalSection
EndGlobal
